
Microsoft Visual Studio Solution File, Format Version 12.00
# Visual Studio Version 16
VisualStudioVersion = 16.0.31911.196
MinimumVisualStudioVersion = 10.0.40219.1
Project("{9A19103F-16F7-4668-BE54-9A1E7A4F7556}") = "truyumcloud", "TruYum_AzureCloud\truyumcloud.csproj", "{4F76EF88-8B4E-41E8-8A2C-E57122E48EBC}"
EndProject
Global
	GlobalSection(SolutionConfigurationPlatforms) = preSolution
		Debug|Any CPU = Debug|Any CPU
		Release|Any CPU = Release|Any CPU
	EndGlobalSection
	GlobalSection(ProjectConfigurationPlatforms) = postSolution
		{4F76EF88-8B4E-41E8-8A2C-E57122E48EBC}.Debug|Any CPU.ActiveCfg = Debug|Any CPU
		{4F76EF88-8B4E-41E8-8A2C-E57122E48EBC}.Debug|Any CPU.Build.0 = Debug|Any CPU
		{4F76EF88-8B4E-41E8-8A2C-E57122E48EBC}.Release|Any CPU.ActiveCfg = Release|Any CPU
		{4F76EF88-8B4E-41E8-8A2C-E57122E48EBC}.Release|Any CPU.Build.0 = Release|Any CPU
	EndGlobalSection
	GlobalSection(SolutionProperties) = preSolution
		HideSolutionNode = FALSE
	EndGlobalSection
	GlobalSection(ExtensibilityGlobals) = postSolution
		SolutionGuid = {9FF2DF09-F0B8-4137-9444-E03D88BFB248}
	EndGlobalSection
EndGlobal
